// !$*UTF8*$!
{
	archiveVersion = 1;
	classes = {
	};
	objectVersion = 50;
	objects = {

/* Begin PBXBuildFile section */
		408BAE3A261725A500A25D85 /* ElementsTableViewController.swift in Sources */ = {isa = PBXBuildFile; fileRef = 408BAE39261725A500A25D85 /* ElementsTableViewController.swift */; };
		408BAE3D261729FF00A25D85 /* NetWorkViewController.swift in Sources */ = {isa = PBXBuildFile; fileRef = 408BAE3C261729FF00A25D85 /* NetWorkViewController.swift */; };
		408BAE452617305C00A25D85 /* EntityData.swift in Sources */ = {isa = PBXBuildFile; fileRef = 408BAE442617305C00A25D85 /* EntityData.swift */; };
		40CCC3DE2618A71C009ABFC4 /* ElementViewController.swift in Sources */ = {isa = PBXBuildFile; fileRef = 40CCC3DD2618A71C009ABFC4 /* ElementViewController.swift */; };
		40ED8344261F295A0041D806 /* StarshipModel.swift in Sources */ = {isa = PBXBuildFile; fileRef = 40ED8343261F295A0041D806 /* StarshipModel.swift */; };
		40ED8347261F29950041D806 /* SpeciesModel.swift in Sources */ = {isa = PBXBuildFile; fileRef = 40ED8346261F29950041D806 /* SpeciesModel.swift */; };
		40F133D42619C47D006A02E1 /* PersonModel.swift in Sources */ = {isa = PBXBuildFile; fileRef = 40F133D32619C47D006A02E1 /* PersonModel.swift */; };
		40F133D72619C8FA006A02E1 /* PlanetModel.swift in Sources */ = {isa = PBXBuildFile; fileRef = 40F133D62619C8FA006A02E1 /* PlanetModel.swift */; };
		40F74A9626161AF50061A915 /* AppDelegate.swift in Sources */ = {isa = PBXBuildFile; fileRef = 40F74A9526161AF50061A915 /* AppDelegate.swift */; };
		40F74A9826161AF50061A915 /* SceneDelegate.swift in Sources */ = {isa = PBXBuildFile; fileRef = 40F74A9726161AF50061A915 /* SceneDelegate.swift */; };
		40F74A9A26161AF50061A915 /* WelcomeViewController.swift in Sources */ = {isa = PBXBuildFile; fileRef = 40F74A9926161AF50061A915 /* WelcomeViewController.swift */; };
		40F74A9D26161AF50061A915 /* Main.storyboard in Resources */ = {isa = PBXBuildFile; fileRef = 40F74A9B26161AF50061A915 /* Main.storyboard */; };
		40F74A9F26161AFB0061A915 /* Assets.xcassets in Resources */ = {isa = PBXBuildFile; fileRef = 40F74A9E26161AFB0061A915 /* Assets.xcassets */; };
		40F74AA226161AFB0061A915 /* LaunchScreen.storyboard in Resources */ = {isa = PBXBuildFile; fileRef = 40F74AA026161AFB0061A915 /* LaunchScreen.storyboard */; };
/* End PBXBuildFile section */

/* Begin PBXFileReference section */
		408BAE39261725A500A25D85 /* ElementsTableViewController.swift */ = {isa = PBXFileReference; lastKnownFileType = sourcecode.swift; path = ElementsTableViewController.swift; sourceTree = "<group>"; };
		408BAE3C261729FF00A25D85 /* NetWorkViewController.swift */ = {isa = PBXFileReference; lastKnownFileType = sourcecode.swift; path = NetWorkViewController.swift; sourceTree = "<group>"; };
		408BAE442617305C00A25D85 /* EntityData.swift */ = {isa = PBXFileReference; lastKnownFileType = sourcecode.swift; path = EntityData.swift; sourceTree = "<group>"; };
		40CCC3DD2618A71C009ABFC4 /* ElementViewController.swift */ = {isa = PBXFileReference; lastKnownFileType = sourcecode.swift; path = ElementViewController.swift; sourceTree = "<group>"; };
		40ED8343261F295A0041D806 /* StarshipModel.swift */ = {isa = PBXFileReference; lastKnownFileType = sourcecode.swift; path = StarshipModel.swift; sourceTree = "<group>"; };
		40ED8346261F29950041D806 /* SpeciesModel.swift */ = {isa = PBXFileReference; lastKnownFileType = sourcecode.swift; path = SpeciesModel.swift; sourceTree = "<group>"; };
		40F133D32619C47D006A02E1 /* PersonModel.swift */ = {isa = PBXFileReference; lastKnownFileType = sourcecode.swift; path = PersonModel.swift; sourceTree = "<group>"; };
		40F133D62619C8FA006A02E1 /* PlanetModel.swift */ = {isa = PBXFileReference; lastKnownFileType = sourcecode.swift; path = PlanetModel.swift; sourceTree = "<group>"; };
		40F74A9226161AF50061A915 /* StarWars.app */ = {isa = PBXFileReference; explicitFileType = wrapper.application; includeInIndex = 0; path = StarWars.app; sourceTree = BUILT_PRODUCTS_DIR; };
		40F74A9526161AF50061A915 /* AppDelegate.swift */ = {isa = PBXFileReference; lastKnownFileType = sourcecode.swift; path = AppDelegate.swift; sourceTree = "<group>"; };
		40F74A9726161AF50061A915 /* SceneDelegate.swift */ = {isa = PBXFileReference; lastKnownFileType = sourcecode.swift; path = SceneDelegate.swift; sourceTree = "<group>"; };
		40F74A9926161AF50061A915 /* WelcomeViewController.swift */ = {isa = PBXFileReference; lastKnownFileType = sourcecode.swift; path = WelcomeViewController.swift; sourceTree = "<group>"; };
		40F74A9C26161AF50061A915 /* Base */ = {isa = PBXFileReference; lastKnownFileType = file.storyboard; name = Base; path = Base.lproj/Main.storyboard; sourceTree = "<group>"; };
		40F74A9E26161AFB0061A915 /* Assets.xcassets */ = {isa = PBXFileReference; lastKnownFileType = folder.assetcatalog; path = Assets.xcassets; sourceTree = "<group>"; };
		40F74AA126161AFB0061A915 /* Base */ = {isa = PBXFileReference; lastKnownFileType = file.storyboard; name = Base; path = Base.lproj/LaunchScreen.storyboard; sourceTree = "<group>"; };
		40F74AA326161AFB0061A915 /* Info.plist */ = {isa = PBXFileReference; lastKnownFileType = text.plist.xml; path = Info.plist; sourceTree = "<group>"; };
/* End PBXFileReference section */

/* Begin PBXFrameworksBuildPhase section */
		40F74A8F26161AF50061A915 /* Frameworks */ = {
			isa = PBXFrameworksBuildPhase;
			buildActionMask = 2147483647;
			files = (
			);
			runOnlyForDeploymentPostprocessing = 0;
		};
/* End PBXFrameworksBuildPhase section */

/* Begin PBXGroup section */
		408BAE3F26172F7800A25D85 /* Model */ = {
			isa = PBXGroup;
			children = (
				408BAE442617305C00A25D85 /* EntityData.swift */,
				40F133D32619C47D006A02E1 /* PersonModel.swift */,
				40F133D62619C8FA006A02E1 /* PlanetModel.swift */,
				40ED8343261F295A0041D806 /* StarshipModel.swift */,
				40ED8346261F29950041D806 /* SpeciesModel.swift */,
			);
			path = Model;
			sourceTree = "<group>";
		};
		40F74A8926161AF50061A915 = {
			isa = PBXGroup;
			children = (
				40F74A9426161AF50061A915 /* StarWars */,
				40F74A9326161AF50061A915 /* Products */,
			);
			sourceTree = "<group>";
		};
		40F74A9326161AF50061A915 /* Products */ = {
			isa = PBXGroup;
			children = (
				40F74A9226161AF50061A915 /* StarWars.app */,
			);
			name = Products;
			sourceTree = "<group>";
		};
		40F74A9426161AF50061A915 /* StarWars */ = {
			isa = PBXGroup;
			children = (
				408BAE3F26172F7800A25D85 /* Model */,
				40F74AAB261643430061A915 /* Controllers */,
				40F74A9526161AF50061A915 /* AppDelegate.swift */,
				40F74A9726161AF50061A915 /* SceneDelegate.swift */,
				40F74A9B26161AF50061A915 /* Main.storyboard */,
				40F74A9E26161AFB0061A915 /* Assets.xcassets */,
				40F74AA026161AFB0061A915 /* LaunchScreen.storyboard */,
				40F74AA326161AFB0061A915 /* Info.plist */,
			);
			path = StarWars;
			sourceTree = "<group>";
		};
		40F74AAB261643430061A915 /* Controllers */ = {
			isa = PBXGroup;
			children = (
				40F74A9926161AF50061A915 /* WelcomeViewController.swift */,
				408BAE39261725A500A25D85 /* ElementsTableViewController.swift */,
				408BAE3C261729FF00A25D85 /* NetWorkViewController.swift */,
				40CCC3DD2618A71C009ABFC4 /* ElementViewController.swift */,
			);
			path = Controllers;
			sourceTree = "<group>";
		};
/* End PBXGroup section */

/* Begin PBXNativeTarget section */
		40F74A9126161AF50061A915 /* StarWars */ = {
			isa = PBXNativeTarget;
			buildConfigurationList = 40F74AA626161AFB0061A915 /* Build configuration list for PBXNativeTarget "StarWars" */;
			buildPhases = (
				40F74A8E26161AF50061A915 /* Sources */,
				40F74A8F26161AF50061A915 /* Frameworks */,
				40F74A9026161AF50061A915 /* Resources */,
			);
			buildRules = (
			);
			dependencies = (
			);
			name = StarWars;
			productName = StarWars;
			productReference = 40F74A9226161AF50061A915 /* StarWars.app */;
			productType = "com.apple.product-type.application";
		};
/* End PBXNativeTarget section */

/* Begin PBXProject section */
		40F74A8A26161AF50061A915 /* Project object */ = {
			isa = PBXProject;
			attributes = {
				LastSwiftUpdateCheck = 1240;
				LastUpgradeCheck = 1240;
				TargetAttributes = {
					40F74A9126161AF50061A915 = {
						CreatedOnToolsVersion = 12.4;
					};
				};
			};
			buildConfigurationList = 40F74A8D26161AF50061A915 /* Build configuration list for PBXProject "StarWars" */;
			compatibilityVersion = "Xcode 9.3";
			developmentRegion = en;
			hasScannedForEncodings = 0;
			knownRegions = (
				en,
				Base,
			);
			mainGroup = 40F74A8926161AF50061A915;
			productRefGroup = 40F74A9326161AF50061A915 /* Products */;
			projectDirPath = "";
			projectRoot = "";
			targets = (
				40F74A9126161AF50061A915 /* StarWars */,
			);
		};
/* End PBXProject section */

/* Begin PBXResourcesBuildPhase section */
		40F74A9026161AF50061A915 /* Resources */ = {
			isa = PBXResourcesBuildPhase;
			buildActionMask = 2147483647;
			files = (
				40F74AA226161AFB0061A915 /* LaunchScreen.storyboard in Resources */,
				40F74A9F26161AFB0061A915 /* Assets.xcassets in Resources */,
				40F74A9D26161AF50061A915 /* Main.storyboard in Resources */,
			);
			runOnlyForDeploymentPostprocessing = 0;
		};
/* End PBXResourcesBuildPhase section */

/* Begin PBXSourcesBuildPhase section */
		40F74A8E26161AF50061A915 /* Sources */ = {
			isa = PBXSourcesBuildPhase;
			buildActionMask = 2147483647;
			files = (
				408BAE3A261725A500A25D85 /* ElementsTableViewController.swift in Sources */,
				40ED8344261F295A0041D806 /* StarshipModel.swift in Sources */,
				40F74A9A26161AF50061A915 /* WelcomeViewController.swift in Sources */,
				40F74A9626161AF50061A915 /* AppDelegate.swift in Sources */,
				408BAE3D261729FF00A25D85 /* NetWorkViewController.swift in Sources */,
				40F74A9826161AF50061A915 /* SceneDelegate.swift in Sources */,
				40CCC3DE2618A71C009ABFC4 /* ElementViewController.swift in Sources */,
				40ED8347261F29950041D806 /* SpeciesModel.swift in Sources */,
				40F133D42619C47D006A02E1 /* PersonModel.swift in Sources */,
				408BAE452617305C00A25D85 /* EntityData.swift in Sources */,
				40F133D72619C8FA006A02E1 /* PlanetModel.swift in Sources */,
			);
			runOnlyForDeploymentPostprocessing = 0;
		};
/* End PBXSourcesBuildPhase section */

/* Begin PBXVariantGroup section */
		40F74A9B26161AF50061A915 /* Main.storyboard */ = {
			isa = PBXVariantGroup;
			children = (
				40F74A9C26161AF50061A915 /* Base */,
			);
			name = Main.storyboard;
			sourceTree = "<group>";
		};
		40F74AA026161AFB0061A915 /* LaunchScreen.storyboard */ = {
			isa = PBXVariantGroup;
			children = (
				40F74AA126161AFB0061A915 /* Base */,
			);
			name = LaunchScreen.storyboard;
			sourceTree = "<group>";
		};
/* End PBXVariantGroup section */

/* Begin XCBuildConfiguration section */
		40F74AA426161AFB0061A915 /* Debug */ = {
			isa = XCBuildConfiguration;
			buildSettings = {
				ALWAYS_SEARCH_USER_PATHS = NO;
				CLANG_ANALYZER_NONNULL = YES;
				CLANG_ANALYZER_NUMBER_OBJECT_CONVERSION = YES_AGGRESSIVE;
				CLANG_CXX_LANGUAGE_STANDARD = "gnu++14";
				CLANG_CXX_LIBRARY = "libc++";
				CLANG_ENABLE_MODULES = YES;
				CLANG_ENABLE_OBJC_ARC = YES;
				CLANG_ENABLE_OBJC_WEAK = YES;
				CLANG_WARN_BLOCK_CAPTURE_AUTORELEASING = YES;
				CLANG_WARN_BOOL_CONVERSION = YES;
				CLANG_WARN_COMMA = YES;
				CLANG_WARN_CONSTANT_CONVERSION = YES;
				CLANG_WARN_DEPRECATED_OBJC_IMPLEMENTATIONS = YES;
				CLANG_WARN_DIRECT_OBJC_ISA_USAGE = YES_ERROR;
				CLANG_WARN_DOCUMENTATION_COMMENTS = YES;
				CLANG_WARN_EMPTY_BODY = YES;
				CLANG_WARN_ENUM_CONVERSION = YES;
				CLANG_WARN_INFINITE_RECURSION = YES;
				CLANG_WARN_INT_CONVERSION = YES;
				CLANG_WARN_NON_LITERAL_NULL_CONVERSION = YES;
				CLANG_WARN_OBJC_IMPLICIT_RETAIN_SELF = YES;
				CLANG_WARN_OBJC_LITERAL_CONVERSION = YES;
				CLANG_WARN_OBJC_ROOT_CLASS = YES_ERROR;
				CLANG_WARN_QUOTED_INCLUDE_IN_FRAMEWORK_HEADER = YES;
				CLANG_WARN_RANGE_LOOP_ANALYSIS = YES;
				CLANG_WARN_STRICT_PROTOTYPES = YES;
				CLANG_WARN_SUSPICIOUS_MOVE = YES;
				CLANG_WARN_UNGUARDED_AVAILABILITY = YES_AGGRESSIVE;
				CLANG_WARN_UNREACHABLE_CODE = YES;
				CLANG_WARN__DUPLICATE_METHOD_MATCH = YES;
				COPY_PHASE_STRIP = NO;
				DEBUG_INFORMATION_FORMAT = dwarf;
				ENABLE_STRICT_OBJC_MSGSEND = YES;
				ENABLE_TESTABILITY = YES;
				GCC_C_LANGUAGE_STANDARD = gnu11;
				GCC_DYNAMIC_NO_PIC = NO;
				GCC_NO_COMMON_BLOCKS = YES;
				GCC_OPTIMIZATION_LEVEL = 0;
				GCC_PREPROCESSOR_DEFINITIONS = (
					"DEBUG=1",
					"$(inherited)",
				);
				GCC_WARN_64_TO_32_BIT_CONVERSION = YES;
				GCC_WARN_ABOUT_RETURN_TYPE = YES_ERROR;
				GCC_WARN_UNDECLARED_SELECTOR = YES;
				GCC_WARN_UNINITIALIZED_AUTOS = YES_AGGRESSIVE;
				GCC_WARN_UNUSED_FUNCTION = YES;
				GCC_WARN_UNUSED_VARIABLE = YES;
				IPHONEOS_DEPLOYMENT_TARGET = 14.4;
				MTL_ENABLE_DEBUG_INFO = INCLUDE_SOURCE;
				MTL_FAST_MATH = YES;
				ONLY_ACTIVE_ARCH = YES;
				SDKROOT = iphoneos;
				SWIFT_ACTIVE_COMPILATION_CONDITIONS = DEBUG;
				SWIFT_OPTIMIZATION_LEVEL = "-Onone";
			};
			name = Debug;
		};
		40F74AA526161AFB0061A915 /* Release */ = {
			isa = XCBuildConfiguration;
			buildSettings = {
				ALWAYS_SEARCH_USER_PATHS = NO;
				CLANG_ANALYZER_NONNULL = YES;
				CLANG_ANALYZER_NUMBER_OBJECT_CONVERSION = YES_AGGRESSIVE;
				CLANG_CXX_LANGUAGE_STANDARD = "gnu++14";
				CLANG_CXX_LIBRARY = "libc++";
				CLANG_ENABLE_MODULES = YES;
				CLANG_ENABLE_OBJC_ARC = YES;
				CLANG_ENABLE_OBJC_WEAK = YES;
				CLANG_WARN_BLOCK_CAPTURE_AUTORELEASING = YES;
				CLANG_WARN_BOOL_CONVERSION = YES;
				CLANG_WARN_COMMA = YES;
				CLANG_WARN_CONSTANT_CONVERSION = YES;
				CLANG_WARN_DEPRECATED_OBJC_IMPLEMENTATIONS = YES;
				CLANG_WARN_DIRECT_OBJC_ISA_USAGE = YES_ERROR;
				CLANG_WARN_DOCUMENTATION_COMMENTS = YES;
				CLANG_WARN_EMPTY_BODY = YES;
				CLANG_WARN_ENUM_CONVERSION = YES;
				CLANG_WARN_INFINITE_RECURSION = YES;
				CLANG_WARN_INT_CONVERSION = YES;
				CLANG_WARN_NON_LITERAL_NULL_CONVERSION = YES;
				CLANG_WARN_OBJC_IMPLICIT_RETAIN_SELF = YES;
				CLANG_WARN_OBJC_LITERAL_CONVERSION = YES;
				CLANG_WARN_OBJC_ROOT_CLASS = YES_ERROR;
				CLANG_WARN_QUOTED_INCLUDE_IN_FRAMEWORK_HEADER = YES;
				CLANG_WARN_RANGE_LOOP_ANALYSIS = YES;
				CLANG_WARN_STRICT_PROTOTYPES = YES;
				CLANG_WARN_SUSPICIOUS_MOVE = YES;
				CLANG_WARN_UNGUARDED_AVAILABILITY = YES_AGGRESSIVE;
				CLANG_WARN_UNREACHABLE_CODE = YES;
				CLANG_WARN__DUPLICATE_METHOD_MATCH = YES;
				COPY_PHASE_STRIP = NO;
				DEBUG_INFORMATION_FORMAT = "dwarf-with-dsym";
				ENABLE_NS_ASSERTIONS = NO;
				ENABLE_STRICT_OBJC_MSGSEND = YES;
				GCC_C_LANGUAGE_STANDARD = gnu11;
				GCC_NO_COMMON_BLOCKS = YES;
				GCC_WARN_64_TO_32_BIT_CONVERSION = YES;
				GCC_WARN_ABOUT_RETURN_TYPE = YES_ERROR;
				GCC_WARN_UNDECLARED_SELECTOR = YES;
				GCC_WARN_UNINITIALIZED_AUTOS = YES_AGGRESSIVE;
				GCC_WARN_UNUSED_FUNCTION = YES;
				GCC_WARN_UNUSED_VARIABLE = YES;
				IPHONEOS_DEPLOYMENT_TARGET = 14.4;
				MTL_ENABLE_DEBUG_INFO = NO;
				MTL_FAST_MATH = YES;
				SDKROOT = iphoneos;
				SWIFT_COMPILATION_MODE = wholemodule;
				SWIFT_OPTIMIZATION_LEVEL = "-O";
				VALIDATE_PRODUCT = YES;
			};
			name = Release;
		};
		40F74AA726161AFB0061A915 /* Debug */ = {
			isa = XCBuildConfiguration;
			buildSettings = {
				ASSETCATALOG_COMPILER_APPICON_NAME = AppIcon;
				ASSETCATALOG_COMPILER_GLOBAL_ACCENT_COLOR_NAME = AccentColor;
				CODE_SIGN_STYLE = Automatic;
				DEVELOPMENT_TEAM = URJBK2A2KA;
				INFOPLIST_FILE = StarWars/Info.plist;
				LD_RUNPATH_SEARCH_PATHS = (
					"$(inherited)",
					"@executable_path/Frameworks",
				);
				PRODUCT_BUNDLE_IDENTIFIER = com.elmira.StarWars;
				PRODUCT_NAME = "$(TARGET_NAME)";
				SWIFT_VERSION = 5.0;
				TARGETED_DEVICE_FAMILY = "1,2";
			};
			name = Debug;
		};
		40F74AA826161AFB0061A915 /* Release */ = {
			isa = XCBuildConfiguration;
			buildSettings = {
				ASSETCATALOG_COMPILER_APPICON_NAME = AppIcon;
				ASSETCATALOG_COMPILER_GLOBAL_ACCENT_COLOR_NAME = AccentColor;
				CODE_SIGN_STYLE = Automatic;
				DEVELOPMENT_TEAM = URJBK2A2KA;
				INFOPLIST_FILE = StarWars/Info.plist;
				LD_RUNPATH_SEARCH_PATHS = (
					"$(inherited)",
					"@executable_path/Frameworks",
				);
				PRODUCT_BUNDLE_IDENTIFIER = com.elmira.StarWars;
				PRODUCT_NAME = "$(TARGET_NAME)";
				SWIFT_VERSION = 5.0;
				TARGETED_DEVICE_FAMILY = "1,2";
			};
			name = Release;
		};
/* End XCBuildConfiguration section */

/* Begin XCConfigurationList section */
		40F74A8D26161AF50061A915 /* Build configuration list for PBXProject "StarWars" */ = {
			isa = XCConfigurationList;
			buildConfigurations = (
				40F74AA426161AFB0061A915 /* Debug */,
				40F74AA526161AFB0061A915 /* Release */,
			);
			defaultConfigurationIsVisible = 0;
			defaultConfigurationName = Release;
		};
		40F74AA626161AFB0061A915 /* Build configuration list for PBXNativeTarget "StarWars" */ = {
			isa = XCConfigurationList;
			buildConfigurations = (
				40F74AA726161AFB0061A915 /* Debug */,
				40F74AA826161AFB0061A915 /* Release */,
			);
			defaultConfigurationIsVisible = 0;
			defaultConfigurationName = Release;
		};
/* End XCConfigurationList section */
	};
	rootObject = 40F74A8A26161AF50061A915 /* Project object */;
}
